
Microsoft Visual Studio Solution File, Format Version 12.00
# Visual Studio 15
VisualStudioVersion = 15.0.28307.329
MinimumVisualStudioVersion = 10.0.40219.1
Project("{FAE04EC0-301F-11D3-BF4B-00C04F79EFBC}") = "Task_2", "Task_2\Task_2.csproj", "{06A353D3-71B7-4FFE-83DC-B963215D3E97}"
EndProject
Global
	GlobalSection(SolutionConfigurationPlatforms) = preSolution
		Debug|Any CPU = Debug|Any CPU
		Release|Any CPU = Release|Any CPU
	EndGlobalSection
	GlobalSection(ProjectConfigurationPlatforms) = postSolution
		{06A353D3-71B7-4FFE-83DC-B963215D3E97}.Debug|Any CPU.ActiveCfg = Debug|Any CPU
		{06A353D3-71B7-4FFE-83DC-B963215D3E97}.Debug|Any CPU.Build.0 = Debug|Any CPU
		{06A353D3-71B7-4FFE-83DC-B963215D3E97}.Release|Any CPU.ActiveCfg = Release|Any CPU
		{06A353D3-71B7-4FFE-83DC-B963215D3E97}.Release|Any CPU.Build.0 = Release|Any CPU
	EndGlobalSection
	GlobalSection(SolutionProperties) = preSolution
		HideSolutionNode = FALSE
	EndGlobalSection
	GlobalSection(ExtensibilityGlobals) = postSolution
		SolutionGuid = {EFE52EF9-F6DC-4872-9A61-3E60D8496063}
	EndGlobalSection
EndGlobal
