
Microsoft Visual Studio Solution File, Format Version 12.00
# Visual Studio 15
VisualStudioVersion = 15.0.28307.329
MinimumVisualStudioVersion = 10.0.40219.1
Project("{FAE04EC0-301F-11D3-BF4B-00C04F79EFBC}") = "Task4", "Task4\Task4.csproj", "{D3C037F9-B65C-45E6-AC22-96739D9C8AB8}"
EndProject
Global
	GlobalSection(SolutionConfigurationPlatforms) = preSolution
		Debug|Any CPU = Debug|Any CPU
		Release|Any CPU = Release|Any CPU
	EndGlobalSection
	GlobalSection(ProjectConfigurationPlatforms) = postSolution
		{D3C037F9-B65C-45E6-AC22-96739D9C8AB8}.Debug|Any CPU.ActiveCfg = Debug|Any CPU
		{D3C037F9-B65C-45E6-AC22-96739D9C8AB8}.Debug|Any CPU.Build.0 = Debug|Any CPU
		{D3C037F9-B65C-45E6-AC22-96739D9C8AB8}.Release|Any CPU.ActiveCfg = Release|Any CPU
		{D3C037F9-B65C-45E6-AC22-96739D9C8AB8}.Release|Any CPU.Build.0 = Release|Any CPU
	EndGlobalSection
	GlobalSection(SolutionProperties) = preSolution
		HideSolutionNode = FALSE
	EndGlobalSection
	GlobalSection(ExtensibilityGlobals) = postSolution
		SolutionGuid = {EFBE58AD-D681-4EC5-85DA-ACC17C975C9D}
	EndGlobalSection
EndGlobal
